
Microsoft Visual Studio Solution File, Format Version 12.00
# Visual Studio Version 17
VisualStudioVersion = 17.0.31903.59
MinimumVisualStudioVersion = 10.0.40219.1
Project("{9A19103F-16F7-4668-BE54-9A1E7A4F7556}") = "Tyuiu.KimmelDS.Sprint2.Task0.V9.Lib", "Tyuiu.KimmelDS.Sprint2.Task0.V9.Lib\Tyuiu.KimmelDS.Sprint2.Task0.V9.Lib.csproj", "{DB50FC74-600B-40BB-8CB9-A295DBBB7BC4}"
EndProject
Project("{9A19103F-16F7-4668-BE54-9A1E7A4F7556}") = "Tyuiu.KimmelDS.Sprint2.Task0.V9", "Tyuiu.KimmelDS.Sprint2.Task0.V9\Tyuiu.KimmelDS.Sprint2.Task0.V9.csproj", "{9F3CAFFE-33CB-4A14-B074-82B5A7415E0D}"
EndProject
Project("{9A19103F-16F7-4668-BE54-9A1E7A4F7556}") = "Tyuiu.KimmelDS.Sprint2.Task0.V9.Test", "Tyuiu.KimmelDS.Sprint2.Task0.V9.Test\Tyuiu.KimmelDS.Sprint2.Task0.V9.Test.csproj", "{3D22A3F1-94E8-4CC7-A389-7E460ED51639}"
EndProject
Project("{9A19103F-16F7-4668-BE54-9A1E7A4F7556}") = "Tyuiu.KimmelDS.Sprint2.Task1.V17.Lib", "Tyuiu.KimmelDS.Sprint2.Task1.V17.Lib\Tyuiu.KimmelDS.Sprint2.Task1.V17.Lib.csproj", "{D6967445-34C0-477D-8E18-EDD5B24908BA}"
EndProject
Project("{9A19103F-16F7-4668-BE54-9A1E7A4F7556}") = "Tyuiu.KimmelDS.Sprint2.Task1.V17", "Tyuiu.KimmelDS.Sprint2.Task1.V17\Tyuiu.KimmelDS.Sprint2.Task1.V17.csproj", "{969FB6A5-DADD-410D-ADB9-17C67F00E957}"
EndProject
Project("{9A19103F-16F7-4668-BE54-9A1E7A4F7556}") = "Tyuiu.KimmelDS.Sprint2.Task1.V17.Test", "Tyuiu.KimmelDS.Sprint2.Task1.V17.Test\Tyuiu.KimmelDS.Sprint2.Task1.V17.Test.csproj", "{F358902F-5C92-42C3-8849-2282477C649F}"
EndProject
Project("{2150E333-8FDC-42A3-9474-1A3956D46DE8}") = "Task0", "Task0", "{0443A573-0E4B-4B9F-A591-A10D24CB2FEC}"
EndProject
Project("{2150E333-8FDC-42A3-9474-1A3956D46DE8}") = "Task1", "Task1", "{9B8AAEB6-CD83-49B2-8048-D937D977DAEB}"
EndProject
Project("{2150E333-8FDC-42A3-9474-1A3956D46DE8}") = "Task2", "Task2", "{27C514CD-6C9D-4BB6-A841-1F463D04A23E}"
EndProject
Project("{9A19103F-16F7-4668-BE54-9A1E7A4F7556}") = "Tyuiu.KimmelDS.Sprint2.Task2.V26.Lib", "Tyuiu.KimmelDS.Sprint2.Task2.V26.Lib\Tyuiu.KimmelDS.Sprint2.Task2.V26.Lib.csproj", "{9AB6DA96-1C5A-4878-9691-FB0AA975A695}"
EndProject
Project("{9A19103F-16F7-4668-BE54-9A1E7A4F7556}") = "Tyuiu.KimmelDS.Sprint2.Task2.V26", "Tyuiu.KimmelDS.Sprint2.Task2.V26\Tyuiu.KimmelDS.Sprint2.Task2.V26.csproj", "{806C1D6E-FED2-4885-9EBC-6B2ED23B42B4}"
EndProject
Project("{9A19103F-16F7-4668-BE54-9A1E7A4F7556}") = "Tyuiu.KimmelDS.Sprint2.Task2.V26.Test", "Tyuiu.KimmelDS.Sprint2.Task2.V26.Test\Tyuiu.KimmelDS.Sprint2.Task2.V26.Test.csproj", "{EEDB5709-FD6F-479A-B43E-49D8F2DE04D5}"
EndProject
Project("{9A19103F-16F7-4668-BE54-9A1E7A4F7556}") = "Tyuiu.KimmelDS.Sprint2.Task3.V22.Lib", "Tyuiu.KimmelDS.Sprint2.Task3.V22.Lib\Tyuiu.KimmelDS.Sprint2.Task3.V22.Lib.csproj", "{D819E9D5-1D10-48CA-9159-3134E82F3212}"
EndProject
Project("{9A19103F-16F7-4668-BE54-9A1E7A4F7556}") = "Tyuiu.KimmelDS.Sprint2.Task3.V22", "Tyuiu.KimmelDS.Sprint2.Task3.V22\Tyuiu.KimmelDS.Sprint2.Task3.V22.csproj", "{92D9DA18-FBF0-47B5-A357-5608C7530E7A}"
EndProject
Project("{9A19103F-16F7-4668-BE54-9A1E7A4F7556}") = "Tyuiu.KimmelDS.Sprint2.Task3.V22.Test", "Tyuiu.KimmelDS.Sprint2.Task3.V22.Test\Tyuiu.KimmelDS.Sprint2.Task3.V22.Test.csproj", "{C0CB3FA7-E6E2-4AC5-94DB-4B23D80D42F0}"
EndProject
Project("{2150E333-8FDC-42A3-9474-1A3956D46DE8}") = "Task3", "Task3", "{21381841-00EB-453D-B13E-2527604B1D41}"
EndProject
Project("{9A19103F-16F7-4668-BE54-9A1E7A4F7556}") = "Tyuiu.KimmelDS.Sprint2.Task4.V30.Lib", "Tyuiu.KimmelDS.Sprint2.Task4.V30.Lib\Tyuiu.KimmelDS.Sprint2.Task4.V30.Lib.csproj", "{AC987047-8750-4E5C-B5EF-6B4091AED1B1}"
EndProject
Project("{9A19103F-16F7-4668-BE54-9A1E7A4F7556}") = "Tyuiu.KimmelDS.Sprint2.Task4.V30", "Tyuiu.KimmelDS.Sprint2.Task4.V30\Tyuiu.KimmelDS.Sprint2.Task4.V30.csproj", "{28125BCD-0A0F-4BA7-8329-85CF63D9C937}"
EndProject
Project("{9A19103F-16F7-4668-BE54-9A1E7A4F7556}") = "Tyuiu.KimmelDS.Sprint2.Task4.V30.Test", "Tyuiu.KimmelDS.Sprint2.Task4.V30.Test\Tyuiu.KimmelDS.Sprint2.Task4.V30.Test.csproj", "{88CCE4EA-90B2-4570-8EB8-6CEDD377D6F8}"
EndProject
Project("{2150E333-8FDC-42A3-9474-1A3956D46DE8}") = "Task4", "Task4", "{6E7B088A-B5A0-427A-AB74-E359C3F4593B}"
EndProject
Project("{9A19103F-16F7-4668-BE54-9A1E7A4F7556}") = "Tyuiu.KimmelDS.Sprint2.Task5.V15.Lib", "Tyuiu.KimmelDS.Sprint2.Task5.V15.Lib\Tyuiu.KimmelDS.Sprint2.Task5.V15.Lib.csproj", "{2968DB49-64E5-4F3E-89D4-876F580E0919}"
EndProject
Project("{9A19103F-16F7-4668-BE54-9A1E7A4F7556}") = "Tyuiu.KimmelDS.Sprint2.Task5.V15", "Tyuiu.KimmelDS.Sprint2.Task5.V15\Tyuiu.KimmelDS.Sprint2.Task5.V15.csproj", "{585893F7-EA7A-4B3D-A2C3-7FA61ED5C130}"
EndProject
Project("{9A19103F-16F7-4668-BE54-9A1E7A4F7556}") = "Tyuiu.KimmelDS.Sprint2.Task5.V15.Test", "Tyuiu.KimmelDS.Sprint2.Task5.V15.Test\Tyuiu.KimmelDS.Sprint2.Task5.V15.Test.csproj", "{9E42B4CE-D36A-4333-A7F2-E0E3EAB8B319}"
EndProject
Project("{2150E333-8FDC-42A3-9474-1A3956D46DE8}") = "Task5", "Task5", "{AA3F747C-0FF7-41BE-842A-B8B0E1B8BD4C}"
EndProject
Project("{9A19103F-16F7-4668-BE54-9A1E7A4F7556}") = "Tyuiu.KimmelDS.Sprint2.Task6.V7.Lib", "Tyuiu.KimmelDS.Sprint2.Task6.V7.Lib\Tyuiu.KimmelDS.Sprint2.Task6.V7.Lib.csproj", "{14D9C0D0-4732-403B-9AC7-EB943F9F3F92}"
EndProject
Project("{9A19103F-16F7-4668-BE54-9A1E7A4F7556}") = "Tyuiu.KimmelDS.Sprint2.Task6.V7", "Tyuiu.KimmelDS.Sprint2.Task6.V7\Tyuiu.KimmelDS.Sprint2.Task6.V7.csproj", "{6EF5D1B6-E012-41E8-9A36-DBF79356F83F}"
EndProject
Project("{9A19103F-16F7-4668-BE54-9A1E7A4F7556}") = "Tyuiu.KimmelDS.Sprint2.Task6.V7.Test", "Tyuiu.KimmelDS.Sprint2.Task6.V7.Test\Tyuiu.KimmelDS.Sprint2.Task6.V7.Test.csproj", "{0181CF3B-582C-48DC-AF14-BDE0CDC699EC}"
EndProject
Project("{2150E333-8FDC-42A3-9474-1A3956D46DE8}") = "Task6", "Task6", "{7647A09E-BF26-4E2F-BB21-0FBC5775FD3D}"
EndProject
Global
	GlobalSection(SolutionConfigurationPlatforms) = preSolution
		Debug|Any CPU = Debug|Any CPU
		Release|Any CPU = Release|Any CPU
	EndGlobalSection
	GlobalSection(ProjectConfigurationPlatforms) = postSolution
		{DB50FC74-600B-40BB-8CB9-A295DBBB7BC4}.Debug|Any CPU.ActiveCfg = Debug|Any CPU
		{DB50FC74-600B-40BB-8CB9-A295DBBB7BC4}.Debug|Any CPU.Build.0 = Debug|Any CPU
		{DB50FC74-600B-40BB-8CB9-A295DBBB7BC4}.Release|Any CPU.ActiveCfg = Release|Any CPU
		{DB50FC74-600B-40BB-8CB9-A295DBBB7BC4}.Release|Any CPU.Build.0 = Release|Any CPU
		{9F3CAFFE-33CB-4A14-B074-82B5A7415E0D}.Debug|Any CPU.ActiveCfg = Debug|Any CPU
		{9F3CAFFE-33CB-4A14-B074-82B5A7415E0D}.Debug|Any CPU.Build.0 = Debug|Any CPU
		{9F3CAFFE-33CB-4A14-B074-82B5A7415E0D}.Release|Any CPU.ActiveCfg = Release|Any CPU
		{9F3CAFFE-33CB-4A14-B074-82B5A7415E0D}.Release|Any CPU.Build.0 = Release|Any CPU
		{3D22A3F1-94E8-4CC7-A389-7E460ED51639}.Debug|Any CPU.ActiveCfg = Debug|Any CPU
		{3D22A3F1-94E8-4CC7-A389-7E460ED51639}.Debug|Any CPU.Build.0 = Debug|Any CPU
		{3D22A3F1-94E8-4CC7-A389-7E460ED51639}.Release|Any CPU.ActiveCfg = Release|Any CPU
		{3D22A3F1-94E8-4CC7-A389-7E460ED51639}.Release|Any CPU.Build.0 = Release|Any CPU
		{D6967445-34C0-477D-8E18-EDD5B24908BA}.Debug|Any CPU.ActiveCfg = Debug|Any CPU
		{D6967445-34C0-477D-8E18-EDD5B24908BA}.Debug|Any CPU.Build.0 = Debug|Any CPU
		{D6967445-34C0-477D-8E18-EDD5B24908BA}.Release|Any CPU.ActiveCfg = Release|Any CPU
		{D6967445-34C0-477D-8E18-EDD5B24908BA}.Release|Any CPU.Build.0 = Release|Any CPU
		{969FB6A5-DADD-410D-ADB9-17C67F00E957}.Debug|Any CPU.ActiveCfg = Debug|Any CPU
		{969FB6A5-DADD-410D-ADB9-17C67F00E957}.Debug|Any CPU.Build.0 = Debug|Any CPU
		{969FB6A5-DADD-410D-ADB9-17C67F00E957}.Release|Any CPU.ActiveCfg = Release|Any CPU
		{969FB6A5-DADD-410D-ADB9-17C67F00E957}.Release|Any CPU.Build.0 = Release|Any CPU
		{F358902F-5C92-42C3-8849-2282477C649F}.Debug|Any CPU.ActiveCfg = Debug|Any CPU
		{F358902F-5C92-42C3-8849-2282477C649F}.Debug|Any CPU.Build.0 = Debug|Any CPU
		{F358902F-5C92-42C3-8849-2282477C649F}.Release|Any CPU.ActiveCfg = Release|Any CPU
		{F358902F-5C92-42C3-8849-2282477C649F}.Release|Any CPU.Build.0 = Release|Any CPU
		{9AB6DA96-1C5A-4878-9691-FB0AA975A695}.Debug|Any CPU.ActiveCfg = Debug|Any CPU
		{9AB6DA96-1C5A-4878-9691-FB0AA975A695}.Debug|Any CPU.Build.0 = Debug|Any CPU
		{9AB6DA96-1C5A-4878-9691-FB0AA975A695}.Release|Any CPU.ActiveCfg = Release|Any CPU
		{9AB6DA96-1C5A-4878-9691-FB0AA975A695}.Release|Any CPU.Build.0 = Release|Any CPU
		{806C1D6E-FED2-4885-9EBC-6B2ED23B42B4}.Debug|Any CPU.ActiveCfg = Debug|Any CPU
		{806C1D6E-FED2-4885-9EBC-6B2ED23B42B4}.Debug|Any CPU.Build.0 = Debug|Any CPU
		{806C1D6E-FED2-4885-9EBC-6B2ED23B42B4}.Release|Any CPU.ActiveCfg = Release|Any CPU
		{806C1D6E-FED2-4885-9EBC-6B2ED23B42B4}.Release|Any CPU.Build.0 = Release|Any CPU
		{EEDB5709-FD6F-479A-B43E-49D8F2DE04D5}.Debug|Any CPU.ActiveCfg = Debug|Any CPU
		{EEDB5709-FD6F-479A-B43E-49D8F2DE04D5}.Debug|Any CPU.Build.0 = Debug|Any CPU
		{EEDB5709-FD6F-479A-B43E-49D8F2DE04D5}.Release|Any CPU.ActiveCfg = Release|Any CPU
		{EEDB5709-FD6F-479A-B43E-49D8F2DE04D5}.Release|Any CPU.Build.0 = Release|Any CPU
		{D819E9D5-1D10-48CA-9159-3134E82F3212}.Debug|Any CPU.ActiveCfg = Debug|Any CPU
		{D819E9D5-1D10-48CA-9159-3134E82F3212}.Debug|Any CPU.Build.0 = Debug|Any CPU
		{D819E9D5-1D10-48CA-9159-3134E82F3212}.Release|Any CPU.ActiveCfg = Release|Any CPU
		{D819E9D5-1D10-48CA-9159-3134E82F3212}.Release|Any CPU.Build.0 = Release|Any CPU
		{92D9DA18-FBF0-47B5-A357-5608C7530E7A}.Debug|Any CPU.ActiveCfg = Debug|Any CPU
		{92D9DA18-FBF0-47B5-A357-5608C7530E7A}.Debug|Any CPU.Build.0 = Debug|Any CPU
		{92D9DA18-FBF0-47B5-A357-5608C7530E7A}.Release|Any CPU.ActiveCfg = Release|Any CPU
		{92D9DA18-FBF0-47B5-A357-5608C7530E7A}.Release|Any CPU.Build.0 = Release|Any CPU
		{C0CB3FA7-E6E2-4AC5-94DB-4B23D80D42F0}.Debug|Any CPU.ActiveCfg = Debug|Any CPU
		{C0CB3FA7-E6E2-4AC5-94DB-4B23D80D42F0}.Debug|Any CPU.Build.0 = Debug|Any CPU
		{C0CB3FA7-E6E2-4AC5-94DB-4B23D80D42F0}.Release|Any CPU.ActiveCfg = Release|Any CPU
		{C0CB3FA7-E6E2-4AC5-94DB-4B23D80D42F0}.Release|Any CPU.Build.0 = Release|Any CPU
		{AC987047-8750-4E5C-B5EF-6B4091AED1B1}.Debug|Any CPU.ActiveCfg = Debug|Any CPU
		{AC987047-8750-4E5C-B5EF-6B4091AED1B1}.Debug|Any CPU.Build.0 = Debug|Any CPU
		{AC987047-8750-4E5C-B5EF-6B4091AED1B1}.Release|Any CPU.ActiveCfg = Release|Any CPU
		{AC987047-8750-4E5C-B5EF-6B4091AED1B1}.Release|Any CPU.Build.0 = Release|Any CPU
		{28125BCD-0A0F-4BA7-8329-85CF63D9C937}.Debug|Any CPU.ActiveCfg = Debug|Any CPU
		{28125BCD-0A0F-4BA7-8329-85CF63D9C937}.Debug|Any CPU.Build.0 = Debug|Any CPU
		{28125BCD-0A0F-4BA7-8329-85CF63D9C937}.Release|Any CPU.ActiveCfg = Release|Any CPU
		{28125BCD-0A0F-4BA7-8329-85CF63D9C937}.Release|Any CPU.Build.0 = Release|Any CPU
		{88CCE4EA-90B2-4570-8EB8-6CEDD377D6F8}.Debug|Any CPU.ActiveCfg = Debug|Any CPU
		{88CCE4EA-90B2-4570-8EB8-6CEDD377D6F8}.Debug|Any CPU.Build.0 = Debug|Any CPU
		{88CCE4EA-90B2-4570-8EB8-6CEDD377D6F8}.Release|Any CPU.ActiveCfg = Release|Any CPU
		{88CCE4EA-90B2-4570-8EB8-6CEDD377D6F8}.Release|Any CPU.Build.0 = Release|Any CPU
		{2968DB49-64E5-4F3E-89D4-876F580E0919}.Debug|Any CPU.ActiveCfg = Debug|Any CPU
		{2968DB49-64E5-4F3E-89D4-876F580E0919}.Debug|Any CPU.Build.0 = Debug|Any CPU
		{2968DB49-64E5-4F3E-89D4-876F580E0919}.Release|Any CPU.ActiveCfg = Release|Any CPU
		{2968DB49-64E5-4F3E-89D4-876F580E0919}.Release|Any CPU.Build.0 = Release|Any CPU
		{585893F7-EA7A-4B3D-A2C3-7FA61ED5C130}.Debug|Any CPU.ActiveCfg = Debug|Any CPU
		{585893F7-EA7A-4B3D-A2C3-7FA61ED5C130}.Debug|Any CPU.Build.0 = Debug|Any CPU
		{585893F7-EA7A-4B3D-A2C3-7FA61ED5C130}.Release|Any CPU.ActiveCfg = Release|Any CPU
		{585893F7-EA7A-4B3D-A2C3-7FA61ED5C130}.Release|Any CPU.Build.0 = Release|Any CPU
		{9E42B4CE-D36A-4333-A7F2-E0E3EAB8B319}.Debug|Any CPU.ActiveCfg = Debug|Any CPU
		{9E42B4CE-D36A-4333-A7F2-E0E3EAB8B319}.Debug|Any CPU.Build.0 = Debug|Any CPU
		{9E42B4CE-D36A-4333-A7F2-E0E3EAB8B319}.Release|Any CPU.ActiveCfg = Release|Any CPU
		{9E42B4CE-D36A-4333-A7F2-E0E3EAB8B319}.Release|Any CPU.Build.0 = Release|Any CPU
		{14D9C0D0-4732-403B-9AC7-EB943F9F3F92}.Debug|Any CPU.ActiveCfg = Debug|Any CPU
		{14D9C0D0-4732-403B-9AC7-EB943F9F3F92}.Debug|Any CPU.Build.0 = Debug|Any CPU
		{14D9C0D0-4732-403B-9AC7-EB943F9F3F92}.Release|Any CPU.ActiveCfg = Release|Any CPU
		{14D9C0D0-4732-403B-9AC7-EB943F9F3F92}.Release|Any CPU.Build.0 = Release|Any CPU
		{6EF5D1B6-E012-41E8-9A36-DBF79356F83F}.Debug|Any CPU.ActiveCfg = Debug|Any CPU
		{6EF5D1B6-E012-41E8-9A36-DBF79356F83F}.Debug|Any CPU.Build.0 = Debug|Any CPU
		{6EF5D1B6-E012-41E8-9A36-DBF79356F83F}.Release|Any CPU.ActiveCfg = Release|Any CPU
		{6EF5D1B6-E012-41E8-9A36-DBF79356F83F}.Release|Any CPU.Build.0 = Release|Any CPU
		{0181CF3B-582C-48DC-AF14-BDE0CDC699EC}.Debug|Any CPU.ActiveCfg = Debug|Any CPU
		{0181CF3B-582C-48DC-AF14-BDE0CDC699EC}.Debug|Any CPU.Build.0 = Debug|Any CPU
		{0181CF3B-582C-48DC-AF14-BDE0CDC699EC}.Release|Any CPU.ActiveCfg = Release|Any CPU
		{0181CF3B-582C-48DC-AF14-BDE0CDC699EC}.Release|Any CPU.Build.0 = Release|Any CPU
	EndGlobalSection
	GlobalSection(SolutionProperties) = preSolution
		HideSolutionNode = FALSE
	EndGlobalSection
	GlobalSection(NestedProjects) = preSolution
		{DB50FC74-600B-40BB-8CB9-A295DBBB7BC4} = {0443A573-0E4B-4B9F-A591-A10D24CB2FEC}
		{9F3CAFFE-33CB-4A14-B074-82B5A7415E0D} = {0443A573-0E4B-4B9F-A591-A10D24CB2FEC}
		{3D22A3F1-94E8-4CC7-A389-7E460ED51639} = {0443A573-0E4B-4B9F-A591-A10D24CB2FEC}
		{D6967445-34C0-477D-8E18-EDD5B24908BA} = {9B8AAEB6-CD83-49B2-8048-D937D977DAEB}
		{969FB6A5-DADD-410D-ADB9-17C67F00E957} = {9B8AAEB6-CD83-49B2-8048-D937D977DAEB}
		{F358902F-5C92-42C3-8849-2282477C649F} = {9B8AAEB6-CD83-49B2-8048-D937D977DAEB}
		{9AB6DA96-1C5A-4878-9691-FB0AA975A695} = {27C514CD-6C9D-4BB6-A841-1F463D04A23E}
		{806C1D6E-FED2-4885-9EBC-6B2ED23B42B4} = {27C514CD-6C9D-4BB6-A841-1F463D04A23E}
		{EEDB5709-FD6F-479A-B43E-49D8F2DE04D5} = {27C514CD-6C9D-4BB6-A841-1F463D04A23E}
		{D819E9D5-1D10-48CA-9159-3134E82F3212} = {21381841-00EB-453D-B13E-2527604B1D41}
		{92D9DA18-FBF0-47B5-A357-5608C7530E7A} = {21381841-00EB-453D-B13E-2527604B1D41}
		{C0CB3FA7-E6E2-4AC5-94DB-4B23D80D42F0} = {21381841-00EB-453D-B13E-2527604B1D41}
		{AC987047-8750-4E5C-B5EF-6B4091AED1B1} = {6E7B088A-B5A0-427A-AB74-E359C3F4593B}
		{28125BCD-0A0F-4BA7-8329-85CF63D9C937} = {6E7B088A-B5A0-427A-AB74-E359C3F4593B}
		{88CCE4EA-90B2-4570-8EB8-6CEDD377D6F8} = {6E7B088A-B5A0-427A-AB74-E359C3F4593B}
		{2968DB49-64E5-4F3E-89D4-876F580E0919} = {AA3F747C-0FF7-41BE-842A-B8B0E1B8BD4C}
		{585893F7-EA7A-4B3D-A2C3-7FA61ED5C130} = {AA3F747C-0FF7-41BE-842A-B8B0E1B8BD4C}
		{9E42B4CE-D36A-4333-A7F2-E0E3EAB8B319} = {AA3F747C-0FF7-41BE-842A-B8B0E1B8BD4C}
		{14D9C0D0-4732-403B-9AC7-EB943F9F3F92} = {7647A09E-BF26-4E2F-BB21-0FBC5775FD3D}
		{6EF5D1B6-E012-41E8-9A36-DBF79356F83F} = {7647A09E-BF26-4E2F-BB21-0FBC5775FD3D}
		{0181CF3B-582C-48DC-AF14-BDE0CDC699EC} = {7647A09E-BF26-4E2F-BB21-0FBC5775FD3D}
	EndGlobalSection
	GlobalSection(ExtensibilityGlobals) = postSolution
		SolutionGuid = {43E50D48-917D-41B3-A724-16AEFF8C7764}
	EndGlobalSection
EndGlobal
